{
  "name": "testing-bar",
  "lockfileVersion": 2,
  "requires": true,
  "packages": {
    "": {
      "name": "testing-bar",
      "dependencies": {
        "bar": "file:../bar"
      }
    },
    "../bar": {
      "name": "testing-bar"
    },
    "node_modules/bar": {
      "resolved": "../bar",
      "link": true
    }
  },
  "dependencies": {
    "bar": {
      "version": "file:../bar"
    }
  }
}
